
Microsoft Visual Studio Solution File, Format Version 12.00
# Visual Studio 2012
Project("{FAE04EC0-301F-11D3-BF4B-00C04F79EFBC}") = "MvvmCrossCollectionView.Core", "MvvmCrossCollectionView.Core\MvvmCrossCollectionView.Core.csproj", "{E34B37AA-C17D-4410-A040-A43AB383C19E}"
EndProject
Project("{FAE04EC0-301F-11D3-BF4B-00C04F79EFBC}") = "MvvmCrossCollectionView.Droid", "MvvmCrossCollectionView.Droid\MvvmCrossCollectionView.Droid.csproj", "{DBEA7BA0-E8DD-46F3-B24E-F0D1655D0E9A}"
EndProject
Project("{FAE04EC0-301F-11D3-BF4B-00C04F79EFBC}") = "MvvmCrossCollectionView.iOS", "MvvmCrossCollectionView.iOS\MvvmCrossCollectionView.iOS.csproj", "{D0570CB7-FB11-431A-A1B9-DDD06CC23B39}"
EndProject
Global
	GlobalSection(SolutionConfigurationPlatforms) = preSolution
		Debug|Any CPU = Debug|Any CPU
		Release|Any CPU = Release|Any CPU
		Debug|iPhoneSimulator = Debug|iPhoneSimulator
		Release|iPhone = Release|iPhone
		Release|iPhoneSimulator = Release|iPhoneSimulator
		Debug|iPhone = Debug|iPhone
	EndGlobalSection
	GlobalSection(ProjectConfigurationPlatforms) = postSolution
		{E34B37AA-C17D-4410-A040-A43AB383C19E}.Debug|Any CPU.ActiveCfg = Debug|Any CPU
		{E34B37AA-C17D-4410-A040-A43AB383C19E}.Debug|Any CPU.Build.0 = Debug|Any CPU
		{E34B37AA-C17D-4410-A040-A43AB383C19E}.Release|Any CPU.ActiveCfg = Release|Any CPU
		{E34B37AA-C17D-4410-A040-A43AB383C19E}.Release|Any CPU.Build.0 = Release|Any CPU
		{E34B37AA-C17D-4410-A040-A43AB383C19E}.Debug|iPhoneSimulator.ActiveCfg = Debug|Any CPU
		{E34B37AA-C17D-4410-A040-A43AB383C19E}.Debug|iPhoneSimulator.Build.0 = Debug|Any CPU
		{E34B37AA-C17D-4410-A040-A43AB383C19E}.Release|iPhone.ActiveCfg = Release|Any CPU
		{E34B37AA-C17D-4410-A040-A43AB383C19E}.Release|iPhone.Build.0 = Release|Any CPU
		{E34B37AA-C17D-4410-A040-A43AB383C19E}.Release|iPhoneSimulator.ActiveCfg = Release|Any CPU
		{E34B37AA-C17D-4410-A040-A43AB383C19E}.Release|iPhoneSimulator.Build.0 = Release|Any CPU
		{E34B37AA-C17D-4410-A040-A43AB383C19E}.Debug|iPhone.ActiveCfg = Debug|Any CPU
		{E34B37AA-C17D-4410-A040-A43AB383C19E}.Debug|iPhone.Build.0 = Debug|Any CPU
		{DBEA7BA0-E8DD-46F3-B24E-F0D1655D0E9A}.Debug|Any CPU.ActiveCfg = Debug|Any CPU
		{DBEA7BA0-E8DD-46F3-B24E-F0D1655D0E9A}.Debug|Any CPU.Build.0 = Debug|Any CPU
		{DBEA7BA0-E8DD-46F3-B24E-F0D1655D0E9A}.Release|Any CPU.ActiveCfg = Release|Any CPU
		{DBEA7BA0-E8DD-46F3-B24E-F0D1655D0E9A}.Release|Any CPU.Build.0 = Release|Any CPU
		{DBEA7BA0-E8DD-46F3-B24E-F0D1655D0E9A}.Debug|iPhoneSimulator.ActiveCfg = Debug|Any CPU
		{DBEA7BA0-E8DD-46F3-B24E-F0D1655D0E9A}.Debug|iPhoneSimulator.Build.0 = Debug|Any CPU
		{DBEA7BA0-E8DD-46F3-B24E-F0D1655D0E9A}.Release|iPhone.ActiveCfg = Release|Any CPU
		{DBEA7BA0-E8DD-46F3-B24E-F0D1655D0E9A}.Release|iPhone.Build.0 = Release|Any CPU
		{DBEA7BA0-E8DD-46F3-B24E-F0D1655D0E9A}.Release|iPhoneSimulator.ActiveCfg = Release|Any CPU
		{DBEA7BA0-E8DD-46F3-B24E-F0D1655D0E9A}.Release|iPhoneSimulator.Build.0 = Release|Any CPU
		{DBEA7BA0-E8DD-46F3-B24E-F0D1655D0E9A}.Debug|iPhone.ActiveCfg = Debug|Any CPU
		{DBEA7BA0-E8DD-46F3-B24E-F0D1655D0E9A}.Debug|iPhone.Build.0 = Debug|Any CPU
		{D0570CB7-FB11-431A-A1B9-DDD06CC23B39}.Debug|Any CPU.ActiveCfg = Debug|iPhoneSimulator
		{D0570CB7-FB11-431A-A1B9-DDD06CC23B39}.Debug|Any CPU.Build.0 = Debug|iPhoneSimulator
		{D0570CB7-FB11-431A-A1B9-DDD06CC23B39}.Release|Any CPU.ActiveCfg = Release|iPhone
		{D0570CB7-FB11-431A-A1B9-DDD06CC23B39}.Release|Any CPU.Build.0 = Release|iPhone
		{D0570CB7-FB11-431A-A1B9-DDD06CC23B39}.Debug|iPhoneSimulator.ActiveCfg = Debug|iPhoneSimulator
		{D0570CB7-FB11-431A-A1B9-DDD06CC23B39}.Debug|iPhoneSimulator.Build.0 = Debug|iPhoneSimulator
		{D0570CB7-FB11-431A-A1B9-DDD06CC23B39}.Release|iPhone.ActiveCfg = Release|iPhone
		{D0570CB7-FB11-431A-A1B9-DDD06CC23B39}.Release|iPhone.Build.0 = Release|iPhone
		{D0570CB7-FB11-431A-A1B9-DDD06CC23B39}.Release|iPhoneSimulator.ActiveCfg = Release|iPhoneSimulator
		{D0570CB7-FB11-431A-A1B9-DDD06CC23B39}.Release|iPhoneSimulator.Build.0 = Release|iPhoneSimulator
		{D0570CB7-FB11-431A-A1B9-DDD06CC23B39}.Debug|iPhone.ActiveCfg = Debug|iPhone
		{D0570CB7-FB11-431A-A1B9-DDD06CC23B39}.Debug|iPhone.Build.0 = Debug|iPhone
	EndGlobalSection
EndGlobal
